
Microsoft Visual Studio Solution File, Format Version 12.00
# Visual Studio Version 17
VisualStudioVersion = 17.0.31903.59
MinimumVisualStudioVersion = 10.0.40219.1

Project("{FAE04EC0-301F-11D3-BF4B-00C04F79EFBC}") = "VehiclePriceCalc", "WebApplication1\VehiclePriceCalc.csproj", "{D56C555E-4B6F-4857-9D80-1889075B61FE}"
EndProject
Global
	GlobalSection(SolutionConfigurationPlatforms) = preSolution
		Debug|Any CPU = Debug|Any CPU
		Release|Any CPU = Release|Any CPU
	EndGlobalSection
	GlobalSection(SolutionProperties) = preSolution
		HideSolutionNode = FALSE
	EndGlobalSection
	GlobalSection(ProjectConfigurationPlatforms) = postSolution
		{7A8ED025-46E7-41F0-BF4B-D3458B0F0B93}.Debug|Any CPU.ActiveCfg = Debug|Any CPU
		{7A8ED025-46E7-41F0-BF4B-D3458B0F0B93}.Debug|Any CPU.Build.0 = Debug|Any CPU
		{7A8ED025-46E7-41F0-BF4B-D3458B0F0B93}.Release|Any CPU.ActiveCfg = Release|Any CPU
		{7A8ED025-46E7-41F0-BF4B-D3458B0F0B93}.Release|Any CPU.Build.0 = Release|Any CPU
		{D56C555E-4B6F-4857-9D80-1889075B61FE}.Debug|Any CPU.ActiveCfg = Debug|Any CPU
		{D56C555E-4B6F-4857-9D80-1889075B61FE}.Debug|Any CPU.Build.0 = Debug|Any CPU
		{D56C555E-4B6F-4857-9D80-1889075B61FE}.Release|Any CPU.ActiveCfg = Release|Any CPU
		{D56C555E-4B6F-4857-9D80-1889075B61FE}.Release|Any CPU.Build.0 = Release|Any CPU
	EndGlobalSection
EndGlobal
